
Microsoft Visual Studio Solution File, Format Version 12.00
# Visual Studio 15
VisualStudioVersion = 15.0.28010.2046
MinimumVisualStudioVersion = 10.0.40219.1
Project("{FAE04EC0-301F-11D3-BF4B-00C04F79EFBC}") = "IoC_Benchmark", "IoC_Benchmark\IoC_Benchmark.csproj", "{3940DE49-0427-4FED-9751-5D7B2746141A}"
EndProject
Project("{9A19103F-16F7-4668-BE54-9A1E7A4F7556}") = "Autofac_Test", "Autofac_Test\Autofac_Test.csproj", "{913FF300-8D57-4471-94E3-69A914E1D346}"
EndProject
Global
	GlobalSection(SolutionConfigurationPlatforms) = preSolution
		Debug|Any CPU = Debug|Any CPU
		Release|Any CPU = Release|Any CPU
	EndGlobalSection
	GlobalSection(ProjectConfigurationPlatforms) = postSolution
		{3940DE49-0427-4FED-9751-5D7B2746141A}.Debug|Any CPU.ActiveCfg = Debug|Any CPU
		{3940DE49-0427-4FED-9751-5D7B2746141A}.Debug|Any CPU.Build.0 = Debug|Any CPU
		{3940DE49-0427-4FED-9751-5D7B2746141A}.Release|Any CPU.ActiveCfg = Release|Any CPU
		{3940DE49-0427-4FED-9751-5D7B2746141A}.Release|Any CPU.Build.0 = Release|Any CPU
		{913FF300-8D57-4471-94E3-69A914E1D346}.Debug|Any CPU.ActiveCfg = Debug|Any CPU
		{913FF300-8D57-4471-94E3-69A914E1D346}.Debug|Any CPU.Build.0 = Debug|Any CPU
		{913FF300-8D57-4471-94E3-69A914E1D346}.Release|Any CPU.ActiveCfg = Release|Any CPU
		{913FF300-8D57-4471-94E3-69A914E1D346}.Release|Any CPU.Build.0 = Release|Any CPU
	EndGlobalSection
	GlobalSection(SolutionProperties) = preSolution
		HideSolutionNode = FALSE
	EndGlobalSection
	GlobalSection(ExtensibilityGlobals) = postSolution
		SolutionGuid = {191D4DB1-7E8D-489A-B557-096C2AFFFF44}
	EndGlobalSection
EndGlobal
